
Microsoft Visual Studio Solution File, Format Version 12.00
# Visual Studio Version 17
VisualStudioVersion = 17.5.33627.172
MinimumVisualStudioVersion = 10.0.40219.1
Project("{FAE04EC0-301F-11D3-BF4B-00C04F79EFBC}") = "Demo_Client", "Demo_Client\Demo_Client.csproj", "{DFC964AC-8DEC-4439-80F9-D805F8F3BF7B}"
EndProject
Project("{FAE04EC0-301F-11D3-BF4B-00C04F79EFBC}") = "Demo_Server", "Demo_Server\Demo_Server.csproj", "{745EA5B4-6FDB-45CB-B1C0-C283EC9E1442}"
EndProject
Global
	GlobalSection(SolutionConfigurationPlatforms) = preSolution
		Debug|Any CPU = Debug|Any CPU
		Release|Any CPU = Release|Any CPU
	EndGlobalSection
	GlobalSection(ProjectConfigurationPlatforms) = postSolution
		{DFC964AC-8DEC-4439-80F9-D805F8F3BF7B}.Debug|Any CPU.ActiveCfg = Debug|Any CPU
		{DFC964AC-8DEC-4439-80F9-D805F8F3BF7B}.Debug|Any CPU.Build.0 = Debug|Any CPU
		{DFC964AC-8DEC-4439-80F9-D805F8F3BF7B}.Release|Any CPU.ActiveCfg = Release|Any CPU
		{DFC964AC-8DEC-4439-80F9-D805F8F3BF7B}.Release|Any CPU.Build.0 = Release|Any CPU
		{745EA5B4-6FDB-45CB-B1C0-C283EC9E1442}.Debug|Any CPU.ActiveCfg = Debug|Any CPU
		{745EA5B4-6FDB-45CB-B1C0-C283EC9E1442}.Debug|Any CPU.Build.0 = Debug|Any CPU
		{745EA5B4-6FDB-45CB-B1C0-C283EC9E1442}.Release|Any CPU.ActiveCfg = Release|Any CPU
		{745EA5B4-6FDB-45CB-B1C0-C283EC9E1442}.Release|Any CPU.Build.0 = Release|Any CPU
	EndGlobalSection
	GlobalSection(SolutionProperties) = preSolution
		HideSolutionNode = FALSE
	EndGlobalSection
	GlobalSection(ExtensibilityGlobals) = postSolution
		SolutionGuid = {279EA6F8-8416-437E-9E88-5DFB0EA5EFC1}
	EndGlobalSection
EndGlobal
